{
  "name": "monorepo",
  "version": "1.0.0",
  "lockfileVersion": 3,
  "requires": true,
  "packages": {
    "": {
      "name": "monorepo",
      "version": "1.0.0",
      "license": "ISC",
      "workspaces": [
        "package-a",
        "package-b"
      ]
    },
    "node_modules/@mammothcyber/package-a": {
      "resolved": "package-a",
      "link": true
    },
    "node_modules/@mammothcyber/package-b": {
      "resolved": "package-b",
      "link": true
    },
    "package-a": {
      "name": "@mammothcyber/package-a",
      "version": "1.0.0",
      "license": "ISC"
    },
    "package-b": {
      "version": "1.0.0",
      "license": "ISC",
      "devDependencies": {}
    }
  }
}
